// !$*UTF8*$!
{
	archiveVersion = 1;
	classes = {
	};
	objectVersion = 60;
	objects = {

/* Begin PBXBuildFile section */
		3D08D092E75081FC3BA6C7A9 /* IOSDevice.swift in Sources */ = {isa = PBXBuildFile; fileRef = DC7BD7E5F57E69F54F103E7C /* IOSDevice.swift */; };
		7C9E7C8622DBA7F73CEC7DF7 /* SystemSleepBlocker.swift in Sources */ = {isa = PBXBuildFile; fileRef = A6E8B56161A4793149B39A9D /* SystemSleepBlocker.swift */; };
		87C2CDD72DD49C69CE97F0CB /* IOSDeviceProvider.swift in Sources */ = {isa = PBXBuildFile; fileRef = C002C5D5475783B3147480AC /* IOSDeviceProvider.swift */; };
		908C36A37CB44D844E526D8E /* IOSScreenMirrorActivator.swift in Sources */ = {isa = PBXBuildFile; fileRef = 8FA214349613EC0729564B6E /* IOSScreenMirrorActivator.swift */; };
		A1000001241A0001000001A1 /* AppDelegate.swift in Sources */ = {isa = PBXBuildFile; fileRef = A1000001241A0002000001A1 /* AppDelegate.swift */; };
		A2771ABD034F7D36AB14C564 /* CapturePowerCoordinator.swift in Sources */ = {isa = PBXBuildFile; fileRef = 5168A0E78981463868422AC4 /* CapturePowerCoordinator.swift */; };
		A441333F2EF93201003DCDD3 /* ProcessRunner.swift in Sources */ = {isa = PBXBuildFile; fileRef = A44133102EF93201003DCDD3 /* ProcessRunner.swift */; };
		A44133412EF93201003DCDD3 /* UserPreferences.swift in Sources */ = {isa = PBXBuildFile; fileRef = A441330E2EF93201003DCDD3 /* UserPreferences.swift */; };
		A44133452EF93201003DCDD3 /* ScrcpyDeviceSource.swift in Sources */ = {isa = PBXBuildFile; fileRef = A44133082EF93201003DCDD3 /* ScrcpyDeviceSource.swift */; };
		A44133462EF93201003DCDD3 /* DeviceSource.swift in Sources */ = {isa = PBXBuildFile; fileRef = A44133062EF93201003DCDD3 /* DeviceSource.swift */; };
		A44133472EF93201003DCDD3 /* CapturedFrame.swift in Sources */ = {isa = PBXBuildFile; fileRef = A44133192EF93201003DCDD3 /* CapturedFrame.swift */; };
		A44133482EF93201003DCDD3 /* AndroidDeviceProvider.swift in Sources */ = {isa = PBXBuildFile; fileRef = A44133042EF93201003DCDD3 /* AndroidDeviceProvider.swift */; };
		A441334D2EF93201003DCDD3 /* ToolchainManager.swift in Sources */ = {isa = PBXBuildFile; fileRef = A44133112EF93201003DCDD3 /* ToolchainManager.swift */; };
		A44133552EF93201003DCDD3 /* AndroidDevice.swift in Sources */ = {isa = PBXBuildFile; fileRef = A44133032EF93201003DCDD3 /* AndroidDevice.swift */; };
		A441335D2EF93201003DCDD3 /* Logger.swift in Sources */ = {isa = PBXBuildFile; fileRef = A441331F2EF93201003DCDD3 /* Logger.swift */; };
		A44133622EF93201003DCDD3 /* Tools in Resources */ = {isa = PBXBuildFile; fileRef = A44133222EF93201003DCDD3 /* Tools */; };
		A44133632EF93201003DCDD3 /* Assets.xcassets in Resources */ = {isa = PBXBuildFile; fileRef = A44133242EF93201003DCDD3 /* Assets.xcassets */; };
		A4BF9B8B2EFCF160003DD09D /* PreviewContainerView.swift in Sources */ = {isa = PBXBuildFile; fileRef = A4BF9B8A2EFCF160003DD09D /* PreviewContainerView.swift */; };
		B1000001000000000001 /* AppState.swift in Sources */ = {isa = PBXBuildFile; fileRef = B1000002000000000001 /* AppState.swift */; };
		B1000001000000000002 /* MetalRenderer.swift in Sources */ = {isa = PBXBuildFile; fileRef = B1000002000000000002 /* MetalRenderer.swift */; };
		B1000001000000000003 /* MetalRenderView.swift in Sources */ = {isa = PBXBuildFile; fileRef = B1000002000000000003 /* MetalRenderView.swift */; };
		B1000001000000000004 /* MainViewController.swift in Sources */ = {isa = PBXBuildFile; fileRef = B1000002000000000004 /* MainViewController.swift */; };
		B1000001000000000005 /* PreferencesWindowController.swift in Sources */ = {isa = PBXBuildFile; fileRef = B1000002000000000005 /* PreferencesWindowController.swift */; };
		B1000001000000000009 /* DeviceInsightService.swift in Sources */ = {isa = PBXBuildFile; fileRef = B1000002000000000009 /* DeviceInsightService.swift */; };
		B1000001000000000010 /* Localization.swift in Sources */ = {isa = PBXBuildFile; fileRef = B1000002000000000010 /* Localization.swift */; };
		B1000001000000000011 /* Localizable.strings in Resources */ = {isa = PBXBuildFile; fileRef = B1000002000000000011 /* Localizable.strings */; };
		B1000001000000000014 /* SingleDeviceRenderView.swift in Sources */ = {isa = PBXBuildFile; fileRef = B1000002000000000014 /* SingleDeviceRenderView.swift */; };
		C1000001000000000001 /* main.swift in Sources */ = {isa = PBXBuildFile; fileRef = C1000002000000000001 /* main.swift */; };
		D1000001000000000001 /* DevicePanelView.swift in Sources */ = {isa = PBXBuildFile; fileRef = D1000002000000000001 /* DevicePanelView.swift */; };
		D1000001000000000002 /* DeviceBezelView.swift in Sources */ = {isa = PBXBuildFile; fileRef = D1000002000000000002 /* DeviceBezelView.swift */; };
		D1000001000000000003 /* DeviceModel.swift in Sources */ = {isa = PBXBuildFile; fileRef = D1000002000000000003 /* DeviceModel.swift */; };
		D1000001000000000004 /* ToastView.swift in Sources */ = {isa = PBXBuildFile; fileRef = D1000002000000000004 /* ToastView.swift */; };
		D1000001000000000005 /* DeviceStatusView.swift in Sources */ = {isa = PBXBuildFile; fileRef = D1000002000000000005 /* DeviceStatusView.swift */; };
		D1000001000000000006 /* DeviceCaptureInfoView.swift in Sources */ = {isa = PBXBuildFile; fileRef = D1000002000000000006 /* DeviceCaptureInfoView.swift */; };
		DD604589504C2702EA91DEAD /* IOSDeviceSource.swift in Sources */ = {isa = PBXBuildFile; fileRef = 2C66B6DF8C1E31F829EDE370 /* IOSDeviceSource.swift */; };
		E1000001000000000002 /* FBDeviceControlKit in Frameworks */ = {isa = PBXBuildFile; productRef = E1000002000000000002 /* FBDeviceControlKit */; };
		F1000001000000000001 /* Colors.swift in Sources */ = {isa = PBXBuildFile; fileRef = F1000002000000000001 /* Colors.swift */; };
		FB000001000000000001 /* IOSDeviceStateMapper.swift in Sources */ = {isa = PBXBuildFile; fileRef = FB000002000000000001 /* IOSDeviceStateMapper.swift */; };
		FB000001000000000005 /* FBDeviceControlService.swift in Sources */ = {isa = PBXBuildFile; fileRef = FB000002000000000006 /* FBDeviceControlService.swift */; };
		G1000001000000000001 /* AndroidADBService.swift in Sources */ = {isa = PBXBuildFile; fileRef = G1000002000000000001 /* AndroidADBService.swift */; };
		G1000001000000000002 /* ScrcpyServerLauncher.swift in Sources */ = {isa = PBXBuildFile; fileRef = G1000002000000000002 /* ScrcpyServerLauncher.swift */; };
		G1000001000000000003 /* ScrcpySocketAcceptor.swift in Sources */ = {isa = PBXBuildFile; fileRef = G1000002000000000003 /* ScrcpySocketAcceptor.swift */; };
		G1000001000000000004 /* ScrcpyVideoStreamParser.swift in Sources */ = {isa = PBXBuildFile; fileRef = G1000002000000000004 /* ScrcpyVideoStreamParser.swift */; };
		G1000001000000000005 /* VideoToolboxDecoder.swift in Sources */ = {isa = PBXBuildFile; fileRef = G1000002000000000005 /* VideoToolboxDecoder.swift */; };
/* End PBXBuildFile section */

/* Begin PBXFileReference section */
		2C66B6DF8C1E31F829EDE370 /* IOSDeviceSource.swift */ = {isa = PBXFileReference; includeInIndex = 1; lastKnownFileType = sourcecode.swift; path = IOSDeviceSource.swift; sourceTree = "<group>"; };
		5168A0E78981463868422AC4 /* CapturePowerCoordinator.swift */ = {isa = PBXFileReference; includeInIndex = 1; lastKnownFileType = sourcecode.swift; path = CapturePowerCoordinator.swift; sourceTree = "<group>"; };
		8FA214349613EC0729564B6E /* IOSScreenMirrorActivator.swift */ = {isa = PBXFileReference; includeInIndex = 1; lastKnownFileType = sourcecode.swift; path = IOSScreenMirrorActivator.swift; sourceTree = "<group>"; };
		A1000001241A0000000001A1 /* ScreenPresenter.app */ = {isa = PBXFileReference; explicitFileType = wrapper.application; includeInIndex = 0; path = ScreenPresenter.app; sourceTree = BUILT_PRODUCTS_DIR; };
		A1000001241A0002000001A1 /* AppDelegate.swift */ = {isa = PBXFileReference; lastKnownFileType = sourcecode.swift; path = AppDelegate.swift; sourceTree = "<group>"; };
		A1000001241A001D000001A1 /* Info.plist */ = {isa = PBXFileReference; lastKnownFileType = text.plist.xml; path = Info.plist; sourceTree = "<group>"; };
		A1000001241A001E000001A1 /* ScreenPresenter.entitlements */ = {isa = PBXFileReference; lastKnownFileType = text.plist.entitlements; path = ScreenPresenter.entitlements; sourceTree = "<group>"; };
		A44133032EF93201003DCDD3 /* AndroidDevice.swift */ = {isa = PBXFileReference; lastKnownFileType = sourcecode.swift; path = AndroidDevice.swift; sourceTree = "<group>"; };
		A44133042EF93201003DCDD3 /* AndroidDeviceProvider.swift */ = {isa = PBXFileReference; lastKnownFileType = sourcecode.swift; path = AndroidDeviceProvider.swift; sourceTree = "<group>"; };
		A44133062EF93201003DCDD3 /* DeviceSource.swift */ = {isa = PBXFileReference; lastKnownFileType = sourcecode.swift; path = DeviceSource.swift; sourceTree = "<group>"; };
		A44133082EF93201003DCDD3 /* ScrcpyDeviceSource.swift */ = {isa = PBXFileReference; lastKnownFileType = sourcecode.swift; path = ScrcpyDeviceSource.swift; sourceTree = "<group>"; };
		A441330E2EF93201003DCDD3 /* UserPreferences.swift */ = {isa = PBXFileReference; lastKnownFileType = sourcecode.swift; path = UserPreferences.swift; sourceTree = "<group>"; };
		A44133102EF93201003DCDD3 /* ProcessRunner.swift */ = {isa = PBXFileReference; lastKnownFileType = sourcecode.swift; path = ProcessRunner.swift; sourceTree = "<group>"; };
		A44133112EF93201003DCDD3 /* ToolchainManager.swift */ = {isa = PBXFileReference; lastKnownFileType = sourcecode.swift; path = ToolchainManager.swift; sourceTree = "<group>"; };
		A44133192EF93201003DCDD3 /* CapturedFrame.swift */ = {isa = PBXFileReference; lastKnownFileType = sourcecode.swift; path = CapturedFrame.swift; sourceTree = "<group>"; };
		A441331F2EF93201003DCDD3 /* Logger.swift */ = {isa = PBXFileReference; lastKnownFileType = sourcecode.swift; path = Logger.swift; sourceTree = "<group>"; };
		A44133222EF93201003DCDD3 /* Tools */ = {isa = PBXFileReference; lastKnownFileType = folder; path = Tools; sourceTree = "<group>"; };
		A44133242EF93201003DCDD3 /* Assets.xcassets */ = {isa = PBXFileReference; lastKnownFileType = folder.assetcatalog; path = Assets.xcassets; sourceTree = "<group>"; };
		A4BF9B8A2EFCF160003DD09D /* PreviewContainerView.swift */ = {isa = PBXFileReference; lastKnownFileType = sourcecode.swift; path = PreviewContainerView.swift; sourceTree = "<group>"; };
		A6E8B56161A4793149B39A9D /* SystemSleepBlocker.swift */ = {isa = PBXFileReference; includeInIndex = 1; lastKnownFileType = sourcecode.swift; path = SystemSleepBlocker.swift; sourceTree = "<group>"; };
		B1000002000000000001 /* AppState.swift */ = {isa = PBXFileReference; lastKnownFileType = sourcecode.swift; path = AppState.swift; sourceTree = "<group>"; };
		B1000002000000000002 /* MetalRenderer.swift */ = {isa = PBXFileReference; lastKnownFileType = sourcecode.swift; path = MetalRenderer.swift; sourceTree = "<group>"; };
		B1000002000000000003 /* MetalRenderView.swift */ = {isa = PBXFileReference; lastKnownFileType = sourcecode.swift; path = MetalRenderView.swift; sourceTree = "<group>"; };
		B1000002000000000004 /* MainViewController.swift */ = {isa = PBXFileReference; lastKnownFileType = sourcecode.swift; path = MainViewController.swift; sourceTree = "<group>"; };
		B1000002000000000005 /* PreferencesWindowController.swift */ = {isa = PBXFileReference; lastKnownFileType = sourcecode.swift; path = PreferencesWindowController.swift; sourceTree = "<group>"; };
		B1000002000000000009 /* DeviceInsightService.swift */ = {isa = PBXFileReference; lastKnownFileType = sourcecode.swift; path = DeviceInsightService.swift; sourceTree = "<group>"; };
		B1000002000000000010 /* Localization.swift */ = {isa = PBXFileReference; lastKnownFileType = sourcecode.swift; path = Localization.swift; sourceTree = "<group>"; };
		B1000002000000000012 /* en */ = {isa = PBXFileReference; lastKnownFileType = text.plist.strings; name = en; path = en.lproj/Localizable.strings; sourceTree = "<group>"; };
		B1000002000000000013 /* zh-Hans */ = {isa = PBXFileReference; lastKnownFileType = text.plist.strings; name = "zh-Hans"; path = "zh-Hans.lproj/Localizable.strings"; sourceTree = "<group>"; };
		B1000002000000000014 /* SingleDeviceRenderView.swift */ = {isa = PBXFileReference; lastKnownFileType = sourcecode.swift; path = SingleDeviceRenderView.swift; sourceTree = "<group>"; };
		C002C5D5475783B3147480AC /* IOSDeviceProvider.swift */ = {isa = PBXFileReference; includeInIndex = 1; lastKnownFileType = sourcecode.swift; path = IOSDeviceProvider.swift; sourceTree = "<group>"; };
		C1000002000000000001 /* main.swift */ = {isa = PBXFileReference; lastKnownFileType = sourcecode.swift; path = main.swift; sourceTree = "<group>"; };
		D1000002000000000001 /* DevicePanelView.swift */ = {isa = PBXFileReference; lastKnownFileType = sourcecode.swift; path = DevicePanelView.swift; sourceTree = "<group>"; };
		D1000002000000000002 /* DeviceBezelView.swift */ = {isa = PBXFileReference; lastKnownFileType = sourcecode.swift; path = DeviceBezelView.swift; sourceTree = "<group>"; };
		D1000002000000000003 /* DeviceModel.swift */ = {isa = PBXFileReference; lastKnownFileType = sourcecode.swift; path = DeviceModel.swift; sourceTree = "<group>"; };
		D1000002000000000004 /* ToastView.swift */ = {isa = PBXFileReference; lastKnownFileType = sourcecode.swift; path = ToastView.swift; sourceTree = "<group>"; };
		D1000002000000000005 /* DeviceStatusView.swift */ = {isa = PBXFileReference; lastKnownFileType = sourcecode.swift; path = DeviceStatusView.swift; sourceTree = "<group>"; };
		D1000002000000000006 /* DeviceCaptureInfoView.swift */ = {isa = PBXFileReference; lastKnownFileType = sourcecode.swift; path = DeviceCaptureInfoView.swift; sourceTree = "<group>"; };
		DC7BD7E5F57E69F54F103E7C /* IOSDevice.swift */ = {isa = PBXFileReference; includeInIndex = 1; lastKnownFileType = sourcecode.swift; path = IOSDevice.swift; sourceTree = "<group>"; };
		F1000002000000000001 /* Colors.swift */ = {isa = PBXFileReference; lastKnownFileType = sourcecode.swift; path = Colors.swift; sourceTree = "<group>"; };
		FB000002000000000001 /* IOSDeviceStateMapper.swift */ = {isa = PBXFileReference; lastKnownFileType = sourcecode.swift; path = IOSDeviceStateMapper.swift; sourceTree = "<group>"; };
		FB000002000000000006 /* FBDeviceControlService.swift */ = {isa = PBXFileReference; lastKnownFileType = sourcecode.swift; path = FBDeviceControlService.swift; sourceTree = "<group>"; };
		G1000002000000000001 /* AndroidADBService.swift */ = {isa = PBXFileReference; lastKnownFileType = sourcecode.swift; path = AndroidADBService.swift; sourceTree = "<group>"; };
		G1000002000000000002 /* ScrcpyServerLauncher.swift */ = {isa = PBXFileReference; lastKnownFileType = sourcecode.swift; path = ScrcpyServerLauncher.swift; sourceTree = "<group>"; };
		G1000002000000000003 /* ScrcpySocketAcceptor.swift */ = {isa = PBXFileReference; lastKnownFileType = sourcecode.swift; path = ScrcpySocketAcceptor.swift; sourceTree = "<group>"; };
		G1000002000000000004 /* ScrcpyVideoStreamParser.swift */ = {isa = PBXFileReference; lastKnownFileType = sourcecode.swift; path = ScrcpyVideoStreamParser.swift; sourceTree = "<group>"; };
		G1000002000000000005 /* VideoToolboxDecoder.swift */ = {isa = PBXFileReference; lastKnownFileType = sourcecode.swift; path = VideoToolboxDecoder.swift; sourceTree = "<group>"; };
/* End PBXFileReference section */

/* Begin PBXFrameworksBuildPhase section */
		A10000012419FFFD000001A1 /* Frameworks */ = {
			isa = PBXFrameworksBuildPhase;
			buildActionMask = 2147483647;
			files = (
				E1000001000000000002 /* FBDeviceControlKit in Frameworks */,
			);
			runOnlyForDeploymentPostprocessing = 0;
		};
/* End PBXFrameworksBuildPhase section */

/* Begin PBXGroup section */
		A10000012419FFF7000001A1 = {
			isa = PBXGroup;
			children = (
				A1000001241A0001000001A2 /* ScreenPresenter */,
				A1000001241A0001000001A3 /* Products */,
			);
			sourceTree = "<group>";
		};
		A1000001241A0001000001A2 /* ScreenPresenter */ = {
			isa = PBXGroup;
			children = (
				A1000001241A001E000001A1 /* ScreenPresenter.entitlements */,
				A1000001241A001D000001A1 /* Info.plist */,
				C1000002000000000001 /* main.swift */,
				A1000001241A0002000001A1 /* AppDelegate.swift */,
				A44133212EF93201003DCDD3 /* Core */,
				A44133252EF93201003DCDD3 /* Resources */,
				A44133392EF93201003DCDD3 /* Views */,
			);
			path = ScreenPresenter;
			sourceTree = "<group>";
		};
		A1000001241A0001000001A3 /* Products */ = {
			isa = PBXGroup;
			children = (
				A1000001241A0000000001A1 /* ScreenPresenter.app */,
			);
			name = Products;
			sourceTree = "<group>";
		};
		A44133052EF93201003DCDD3 /* DeviceDiscovery */ = {
			isa = PBXGroup;
			children = (
				A44133032EF93201003DCDD3 /* AndroidDevice.swift */,
				A44133042EF93201003DCDD3 /* AndroidDeviceProvider.swift */,
				FB000003000000000001 /* DeviceControl */,
				DC7BD7E5F57E69F54F103E7C /* IOSDevice.swift */,
				C002C5D5475783B3147480AC /* IOSDeviceProvider.swift */,
				FB000002000000000001 /* IOSDeviceStateMapper.swift */,
			);
			path = DeviceDiscovery;
			sourceTree = "<group>";
		};
		A44133092EF93201003DCDD3 /* DeviceSource */ = {
			isa = PBXGroup;
			children = (
				A44133062EF93201003DCDD3 /* DeviceSource.swift */,
				A44133082EF93201003DCDD3 /* ScrcpyDeviceSource.swift */,
				2C66B6DF8C1E31F829EDE370 /* IOSDeviceSource.swift */,
				8FA214349613EC0729564B6E /* IOSScreenMirrorActivator.swift */,
				G1000003000000000001 /* Scrcpy */,
			);
			path = DeviceSource;
			sourceTree = "<group>";
		};
		A441330F2EF93201003DCDD3 /* Preferences */ = {
			isa = PBXGroup;
			children = (
				A441330E2EF93201003DCDD3 /* UserPreferences.swift */,
			);
			path = Preferences;
			sourceTree = "<group>";
		};
		A44133122EF93201003DCDD3 /* Process */ = {
			isa = PBXGroup;
			children = (
				A44133102EF93201003DCDD3 /* ProcessRunner.swift */,
				A44133112EF93201003DCDD3 /* ToolchainManager.swift */,
			);
			path = Process;
			sourceTree = "<group>";
		};
		A441331E2EF93201003DCDD3 /* Rendering */ = {
			isa = PBXGroup;
			children = (
				A44133192EF93201003DCDD3 /* CapturedFrame.swift */,
				B1000002000000000002 /* MetalRenderer.swift */,
				B1000002000000000003 /* MetalRenderView.swift */,
				B1000002000000000014 /* SingleDeviceRenderView.swift */,
				G1000002000000000005 /* VideoToolboxDecoder.swift */,
			);
			path = Rendering;
			sourceTree = "<group>";
		};
		A44133202EF93201003DCDD3 /* Utilities */ = {
			isa = PBXGroup;
			children = (
				F1000002000000000001 /* Colors.swift */,
				A441331F2EF93201003DCDD3 /* Logger.swift */,
				B1000002000000000010 /* Localization.swift */,
				A6E8B56161A4793149B39A9D /* SystemSleepBlocker.swift */,
				5168A0E78981463868422AC4 /* CapturePowerCoordinator.swift */,
			);
			path = Utilities;
			sourceTree = "<group>";
		};
		A44133212EF93201003DCDD3 /* Core */ = {
			isa = PBXGroup;
			children = (
				B1000002000000000001 /* AppState.swift */,
				A44133052EF93201003DCDD3 /* DeviceDiscovery */,
				B1000003000000000010 /* DeviceInsight */,
				A44133092EF93201003DCDD3 /* DeviceSource */,
				A441330F2EF93201003DCDD3 /* Preferences */,
				A44133122EF93201003DCDD3 /* Process */,
				A441331E2EF93201003DCDD3 /* Rendering */,
				A44133202EF93201003DCDD3 /* Utilities */,
			);
			path = Core;
			sourceTree = "<group>";
		};
		A44133252EF93201003DCDD3 /* Resources */ = {
			isa = PBXGroup;
			children = (
				A44133222EF93201003DCDD3 /* Tools */,
				A44133242EF93201003DCDD3 /* Assets.xcassets */,
				B1000002000000000011 /* Localizable.strings */,
			);
			path = Resources;
			sourceTree = "<group>";
		};
		A44133392EF93201003DCDD3 /* Views */ = {
			isa = PBXGroup;
			children = (
				B1000002000000000004 /* MainViewController.swift */,
				B1000002000000000005 /* PreferencesWindowController.swift */,
				B1000003000000000011 /* Components */,
			);
			path = Views;
			sourceTree = "<group>";
		};
		B1000003000000000010 /* DeviceInsight */ = {
			isa = PBXGroup;
			children = (
				B1000002000000000009 /* DeviceInsightService.swift */,
			);
			path = DeviceInsight;
			sourceTree = "<group>";
		};
		B1000003000000000011 /* Components */ = {
			isa = PBXGroup;
			children = (
				A4BF9B8A2EFCF160003DD09D /* PreviewContainerView.swift */,
				D1000002000000000006 /* DeviceCaptureInfoView.swift */,
				D1000002000000000002 /* DeviceBezelView.swift */,
				D1000002000000000003 /* DeviceModel.swift */,
				D1000002000000000001 /* DevicePanelView.swift */,
				D1000002000000000005 /* DeviceStatusView.swift */,
				D1000002000000000004 /* ToastView.swift */,
			);
			path = Components;
			sourceTree = "<group>";
		};
		FB000003000000000001 /* DeviceControl */ = {
			isa = PBXGroup;
			children = (
				G1000002000000000001 /* AndroidADBService.swift */,
				FB000002000000000006 /* FBDeviceControlService.swift */,
			);
			path = DeviceControl;
			sourceTree = "<group>";
		};
		G1000003000000000001 /* Scrcpy */ = {
			isa = PBXGroup;
			children = (
				G1000002000000000002 /* ScrcpyServerLauncher.swift */,
				G1000002000000000003 /* ScrcpySocketAcceptor.swift */,
				G1000002000000000004 /* ScrcpyVideoStreamParser.swift */,
			);
			path = Scrcpy;
			sourceTree = "<group>";
		};
/* End PBXGroup section */

/* Begin PBXNativeTarget section */
		A10000012419FFFF000001A1 /* ScreenPresenter */ = {
			isa = PBXNativeTarget;
			buildConfigurationList = A1000001241A001F000001A1 /* Build configuration list for PBXNativeTarget "ScreenPresenter" */;
			buildPhases = (
				A10000012419FFFC000001A1 /* Sources */,
				A10000012419FFFD000001A1 /* Frameworks */,
				A10000012419FFFE000001A1 /* Resources */,
			);
			buildRules = (
			);
			dependencies = (
			);
			name = ScreenPresenter;
			packageProductDependencies = (
				E1000002000000000002 /* FBDeviceControlKit */,
			);
			productName = ScreenPresenter;
			productReference = A1000001241A0000000001A1 /* ScreenPresenter.app */;
			productType = "com.apple.product-type.application";
		};
/* End PBXNativeTarget section */

/* Begin PBXProject section */
		A10000012419FFF8000001A1 /* Project object */ = {
			isa = PBXProject;
			attributes = {
				BuildIndependentTargetsInParallel = 1;
				LastSwiftUpdateCheck = 1500;
				LastUpgradeCheck = 2620;
				TargetAttributes = {
					A10000012419FFFF000001A1 = {
						CreatedOnToolsVersion = 15.0;
					};
				};
			};
			buildConfigurationList = A10000012419FFFB000001A1 /* Build configuration list for PBXProject "ScreenPresenter" */;
			compatibilityVersion = "Xcode 14.0";
			developmentRegion = en;
			hasScannedForEncodings = 0;
			knownRegions = (
				en,
				Base,
				"zh-Hans",
			);
			mainGroup = A10000012419FFF7000001A1;
			packageReferences = (
				E1000003000000000002 /* XCLocalSwiftPackageReference "FBDeviceControlKit" */,
			);
			productRefGroup = A1000001241A0001000001A3 /* Products */;
			projectDirPath = "";
			projectRoot = "";
			targets = (
				A10000012419FFFF000001A1 /* ScreenPresenter */,
			);
		};
/* End PBXProject section */

/* Begin PBXResourcesBuildPhase section */
		A10000012419FFFE000001A1 /* Resources */ = {
			isa = PBXResourcesBuildPhase;
			buildActionMask = 2147483647;
			files = (
				A44133622EF93201003DCDD3 /* Tools in Resources */,
				A44133632EF93201003DCDD3 /* Assets.xcassets in Resources */,
				B1000001000000000011 /* Localizable.strings in Resources */,
			);
			runOnlyForDeploymentPostprocessing = 0;
		};
/* End PBXResourcesBuildPhase section */

/* Begin PBXSourcesBuildPhase section */
		A10000012419FFFC000001A1 /* Sources */ = {
			isa = PBXSourcesBuildPhase;
			buildActionMask = 2147483647;
			files = (
				C1000001000000000001 /* main.swift in Sources */,
				A441333F2EF93201003DCDD3 /* ProcessRunner.swift in Sources */,
				A44133412EF93201003DCDD3 /* UserPreferences.swift in Sources */,
				A44133452EF93201003DCDD3 /* ScrcpyDeviceSource.swift in Sources */,
				A44133462EF93201003DCDD3 /* DeviceSource.swift in Sources */,
				A44133472EF93201003DCDD3 /* CapturedFrame.swift in Sources */,
				A44133482EF93201003DCDD3 /* AndroidDeviceProvider.swift in Sources */,
				A441334D2EF93201003DCDD3 /* ToolchainManager.swift in Sources */,
				A44133552EF93201003DCDD3 /* AndroidDevice.swift in Sources */,
				A441335D2EF93201003DCDD3 /* Logger.swift in Sources */,
				A1000001241A0001000001A1 /* AppDelegate.swift in Sources */,
				3D08D092E75081FC3BA6C7A9 /* IOSDevice.swift in Sources */,
				87C2CDD72DD49C69CE97F0CB /* IOSDeviceProvider.swift in Sources */,
				DD604589504C2702EA91DEAD /* IOSDeviceSource.swift in Sources */,
				908C36A37CB44D844E526D8E /* IOSScreenMirrorActivator.swift in Sources */,
				G1000001000000000001 /* AndroidADBService.swift in Sources */,
				G1000001000000000002 /* ScrcpyServerLauncher.swift in Sources */,
				G1000001000000000003 /* ScrcpySocketAcceptor.swift in Sources */,
				G1000001000000000004 /* ScrcpyVideoStreamParser.swift in Sources */,
				G1000001000000000005 /* VideoToolboxDecoder.swift in Sources */,
				B1000001000000000001 /* AppState.swift in Sources */,
				B1000001000000000002 /* MetalRenderer.swift in Sources */,
				B1000001000000000003 /* MetalRenderView.swift in Sources */,
				B1000001000000000014 /* SingleDeviceRenderView.swift in Sources */,
				B1000001000000000004 /* MainViewController.swift in Sources */,
				B1000001000000000005 /* PreferencesWindowController.swift in Sources */,
				D1000001000000000001 /* DevicePanelView.swift in Sources */,
				D1000001000000000002 /* DeviceBezelView.swift in Sources */,
				D1000001000000000003 /* DeviceModel.swift in Sources */,
				D1000001000000000004 /* ToastView.swift in Sources */,
				D1000001000000000005 /* DeviceStatusView.swift in Sources */,
				D1000001000000000006 /* DeviceCaptureInfoView.swift in Sources */,
				B1000001000000000009 /* DeviceInsightService.swift in Sources */,
				B1000001000000000010 /* Localization.swift in Sources */,
				F1000001000000000001 /* Colors.swift in Sources */,
				A4BF9B8B2EFCF160003DD09D /* PreviewContainerView.swift in Sources */,
				FB000001000000000001 /* IOSDeviceStateMapper.swift in Sources */,
				FB000001000000000005 /* FBDeviceControlService.swift in Sources */,
				7C9E7C8622DBA7F73CEC7DF7 /* SystemSleepBlocker.swift in Sources */,
				A2771ABD034F7D36AB14C564 /* CapturePowerCoordinator.swift in Sources */,
			);
			runOnlyForDeploymentPostprocessing = 0;
		};
/* End PBXSourcesBuildPhase section */

/* Begin PBXVariantGroup section */
		B1000002000000000011 /* Localizable.strings */ = {
			isa = PBXVariantGroup;
			children = (
				B1000002000000000012 /* en */,
				B1000002000000000013 /* zh-Hans */,
			);
			name = Localizable.strings;
			sourceTree = "<group>";
		};
/* End PBXVariantGroup section */

/* Begin XCBuildConfiguration section */
		A1000001241A001F100001A1 /* Debug */ = {
			isa = XCBuildConfiguration;
			buildSettings = {
				ALWAYS_SEARCH_USER_PATHS = NO;
				ASSETCATALOG_COMPILER_GENERATE_SWIFT_ASSET_SYMBOL_EXTENSIONS = YES;
				CLANG_ANALYZER_LOCALIZABILITY_NONLOCALIZED = YES;
				CLANG_ANALYZER_NONNULL = YES;
				CLANG_ANALYZER_NUMBER_OBJECT_CONVERSION = YES_AGGRESSIVE;
				CLANG_CXX_LANGUAGE_STANDARD = "gnu++20";
				CLANG_ENABLE_MODULES = YES;
				CLANG_ENABLE_OBJC_ARC = YES;
				CLANG_ENABLE_OBJC_WEAK = YES;
				CLANG_WARN_BLOCK_CAPTURE_AUTORELEASING = YES;
				CLANG_WARN_BOOL_CONVERSION = YES;
				CLANG_WARN_COMMA = YES;
				CLANG_WARN_CONSTANT_CONVERSION = YES;
				CLANG_WARN_DEPRECATED_OBJC_IMPLEMENTATIONS = YES;
				CLANG_WARN_DIRECT_OBJC_ISA_USAGE = YES_ERROR;
				CLANG_WARN_DOCUMENTATION_COMMENTS = YES;
				CLANG_WARN_EMPTY_BODY = YES;
				CLANG_WARN_ENUM_CONVERSION = YES;
				CLANG_WARN_INFINITE_RECURSION = YES;
				CLANG_WARN_INT_CONVERSION = YES;
				CLANG_WARN_NON_LITERAL_NULL_CONVERSION = YES;
				CLANG_WARN_OBJC_IMPLICIT_RETAIN_SELF = YES;
				CLANG_WARN_OBJC_LITERAL_CONVERSION = YES;
				CLANG_WARN_OBJC_ROOT_CLASS = YES_ERROR;
				CLANG_WARN_QUOTED_INCLUDE_IN_FRAMEWORK_HEADER = YES;
				CLANG_WARN_RANGE_LOOP_ANALYSIS = YES;
				CLANG_WARN_STRICT_PROTOTYPES = YES;
				CLANG_WARN_SUSPICIOUS_MOVE = YES;
				CLANG_WARN_UNGUARDED_AVAILABILITY = YES_AGGRESSIVE;
				CLANG_WARN_UNREACHABLE_CODE = YES;
				CLANG_WARN__DUPLICATE_METHOD_MATCH = YES;
				COPY_PHASE_STRIP = NO;
				DEAD_CODE_STRIPPING = YES;
				DEBUG_INFORMATION_FORMAT = dwarf;
				ENABLE_STRICT_OBJC_MSGSEND = YES;
				ENABLE_TESTABILITY = YES;
				ENABLE_USER_SCRIPT_SANDBOXING = YES;
				GCC_C_LANGUAGE_STANDARD = gnu17;
				GCC_DYNAMIC_NO_PIC = NO;
				GCC_NO_COMMON_BLOCKS = YES;
				GCC_OPTIMIZATION_LEVEL = 0;
				GCC_PREPROCESSOR_DEFINITIONS = (
					"DEBUG=1",
					"$(inherited)",
				);
				GCC_WARN_64_TO_32_BIT_CONVERSION = YES;
				GCC_WARN_ABOUT_RETURN_TYPE = YES_ERROR;
				GCC_WARN_UNDECLARED_SELECTOR = YES;
				GCC_WARN_UNINITIALIZED_AUTOS = YES_AGGRESSIVE;
				GCC_WARN_UNUSED_FUNCTION = YES;
				GCC_WARN_UNUSED_VARIABLE = YES;
				LOCALIZATION_PREFERS_STRING_CATALOGS = YES;
				MACOSX_DEPLOYMENT_TARGET = 12.0;
				MTL_ENABLE_DEBUG_INFO = INCLUDE_SOURCE;
				MTL_FAST_MATH = YES;
				ONLY_ACTIVE_ARCH = YES;
				SDKROOT = macosx;
				STRING_CATALOG_GENERATE_SYMBOLS = YES;
				SWIFT_ACTIVE_COMPILATION_CONDITIONS = "DEBUG $(inherited)";
				SWIFT_OPTIMIZATION_LEVEL = "-Onone";
			};
			name = Debug;
		};
		A1000001241A001F200001A1 /* Release */ = {
			isa = XCBuildConfiguration;
			buildSettings = {
				ALWAYS_SEARCH_USER_PATHS = NO;
				ASSETCATALOG_COMPILER_GENERATE_SWIFT_ASSET_SYMBOL_EXTENSIONS = YES;
				CLANG_ANALYZER_LOCALIZABILITY_NONLOCALIZED = YES;
				CLANG_ANALYZER_NONNULL = YES;
				CLANG_ANALYZER_NUMBER_OBJECT_CONVERSION = YES_AGGRESSIVE;
				CLANG_CXX_LANGUAGE_STANDARD = "gnu++20";
				CLANG_ENABLE_MODULES = YES;
				CLANG_ENABLE_OBJC_ARC = YES;
				CLANG_ENABLE_OBJC_WEAK = YES;
				CLANG_WARN_BLOCK_CAPTURE_AUTORELEASING = YES;
				CLANG_WARN_BOOL_CONVERSION = YES;
				CLANG_WARN_COMMA = YES;
				CLANG_WARN_CONSTANT_CONVERSION = YES;
				CLANG_WARN_DEPRECATED_OBJC_IMPLEMENTATIONS = YES;
				CLANG_WARN_DIRECT_OBJC_ISA_USAGE = YES_ERROR;
				CLANG_WARN_DOCUMENTATION_COMMENTS = YES;
				CLANG_WARN_EMPTY_BODY = YES;
				CLANG_WARN_ENUM_CONVERSION = YES;
				CLANG_WARN_INFINITE_RECURSION = YES;
				CLANG_WARN_INT_CONVERSION = YES;
				CLANG_WARN_NON_LITERAL_NULL_CONVERSION = YES;
				CLANG_WARN_OBJC_IMPLICIT_RETAIN_SELF = YES;
				CLANG_WARN_OBJC_LITERAL_CONVERSION = YES;
				CLANG_WARN_OBJC_ROOT_CLASS = YES_ERROR;
				CLANG_WARN_QUOTED_INCLUDE_IN_FRAMEWORK_HEADER = YES;
				CLANG_WARN_RANGE_LOOP_ANALYSIS = YES;
				CLANG_WARN_STRICT_PROTOTYPES = YES;
				CLANG_WARN_SUSPICIOUS_MOVE = YES;
				CLANG_WARN_UNGUARDED_AVAILABILITY = YES_AGGRESSIVE;
				CLANG_WARN_UNREACHABLE_CODE = YES;
				CLANG_WARN__DUPLICATE_METHOD_MATCH = YES;
				COPY_PHASE_STRIP = NO;
				DEAD_CODE_STRIPPING = YES;
				DEBUG_INFORMATION_FORMAT = "dwarf-with-dsym";
				ENABLE_NS_ASSERTIONS = NO;
				ENABLE_STRICT_OBJC_MSGSEND = YES;
				ENABLE_USER_SCRIPT_SANDBOXING = YES;
				GCC_C_LANGUAGE_STANDARD = gnu17;
				GCC_NO_COMMON_BLOCKS = YES;
				GCC_WARN_64_TO_32_BIT_CONVERSION = YES;
				GCC_WARN_ABOUT_RETURN_TYPE = YES_ERROR;
				GCC_WARN_UNDECLARED_SELECTOR = YES;
				GCC_WARN_UNINITIALIZED_AUTOS = YES_AGGRESSIVE;
				GCC_WARN_UNUSED_FUNCTION = YES;
				GCC_WARN_UNUSED_VARIABLE = YES;
				LOCALIZATION_PREFERS_STRING_CATALOGS = YES;
				MACOSX_DEPLOYMENT_TARGET = 12.0;
				MTL_ENABLE_DEBUG_INFO = NO;
				MTL_FAST_MATH = YES;
				SDKROOT = macosx;
				STRING_CATALOG_GENERATE_SYMBOLS = YES;
				SWIFT_COMPILATION_MODE = wholemodule;
			};
			name = Release;
		};
		A1000001241A001F300001A1 /* Debug */ = {
			isa = XCBuildConfiguration;
			buildSettings = {
				ASSETCATALOG_COMPILER_APPICON_NAME = AppIcon;
				ASSETCATALOG_COMPILER_GLOBAL_ACCENT_COLOR_NAME = AccentColor;
				AUTOMATION_APPLE_EVENTS = YES;
				CODE_SIGN_ENTITLEMENTS = ScreenPresenter/ScreenPresenter.entitlements;
				"CODE_SIGN_IDENTITY[sdk=macosx*]" = "Apple Development";
				CODE_SIGN_STYLE = Automatic;
				COMBINE_HIDPI_IMAGES = YES;
				CURRENT_PROJECT_VERSION = 2;
				DEAD_CODE_STRIPPING = YES;
				DEVELOPMENT_TEAM = TNX486YJGV;
				ENABLE_APP_SANDBOX = NO;
				ENABLE_HARDENED_RUNTIME = YES;
				ENABLE_USER_SELECTED_FILES = readwrite;
				GENERATE_INFOPLIST_FILE = YES;
				INFOPLIST_FILE = ScreenPresenter/Info.plist;
				INFOPLIST_KEY_LSApplicationCategoryType = "public.app-category.developer-tools";
				INFOPLIST_KEY_NSHumanReadableCopyright = "";
				LD_RUNPATH_SEARCH_PATHS = (
					"$(inherited)",
					"@executable_path/../Frameworks",
				);
				MACOSX_DEPLOYMENT_TARGET = 14.0;
				MARKETING_VERSION = 1.0.0;
				PRODUCT_BUNDLE_IDENTIFIER = com.webull.ScreenPresenter;
				PRODUCT_NAME = "$(TARGET_NAME)";
				SWIFT_EMIT_LOC_STRINGS = YES;
				SWIFT_VERSION = 5.0;
			};
			name = Debug;
		};
		A1000001241A001F400001A1 /* Release */ = {
			isa = XCBuildConfiguration;
			buildSettings = {
				ASSETCATALOG_COMPILER_APPICON_NAME = AppIcon;
				ASSETCATALOG_COMPILER_GLOBAL_ACCENT_COLOR_NAME = AccentColor;
				AUTOMATION_APPLE_EVENTS = YES;
				CODE_SIGN_ENTITLEMENTS = ScreenPresenter/ScreenPresenter.entitlements;
				"CODE_SIGN_IDENTITY[sdk=macosx*]" = "Apple Development";
				CODE_SIGN_STYLE = Automatic;
				COMBINE_HIDPI_IMAGES = YES;
				CURRENT_PROJECT_VERSION = 2;
				DEAD_CODE_STRIPPING = YES;
				DEVELOPMENT_TEAM = TNX486YJGV;
				ENABLE_APP_SANDBOX = NO;
				ENABLE_HARDENED_RUNTIME = YES;
				ENABLE_USER_SELECTED_FILES = readwrite;
				GENERATE_INFOPLIST_FILE = YES;
				INFOPLIST_FILE = ScreenPresenter/Info.plist;
				INFOPLIST_KEY_LSApplicationCategoryType = "public.app-category.developer-tools";
				INFOPLIST_KEY_NSHumanReadableCopyright = "";
				LD_RUNPATH_SEARCH_PATHS = (
					"$(inherited)",
					"@executable_path/../Frameworks",
				);
				MACOSX_DEPLOYMENT_TARGET = 14.0;
				MARKETING_VERSION = 1.0.0;
				PRODUCT_BUNDLE_IDENTIFIER = com.webull.ScreenPresenter;
				PRODUCT_NAME = "$(TARGET_NAME)";
				SWIFT_EMIT_LOC_STRINGS = YES;
				SWIFT_VERSION = 5.0;
			};
			name = Release;
		};
/* End XCBuildConfiguration section */

/* Begin XCConfigurationList section */
		A10000012419FFFB000001A1 /* Build configuration list for PBXProject "ScreenPresenter" */ = {
			isa = XCConfigurationList;
			buildConfigurations = (
				A1000001241A001F100001A1 /* Debug */,
				A1000001241A001F200001A1 /* Release */,
			);
			defaultConfigurationIsVisible = 0;
			defaultConfigurationName = Release;
		};
		A1000001241A001F000001A1 /* Build configuration list for PBXNativeTarget "ScreenPresenter" */ = {
			isa = XCConfigurationList;
			buildConfigurations = (
				A1000001241A001F300001A1 /* Debug */,
				A1000001241A001F400001A1 /* Release */,
			);
			defaultConfigurationIsVisible = 0;
			defaultConfigurationName = Release;
		};
/* End XCConfigurationList section */

/* Begin XCLocalSwiftPackageReference section */
		E1000003000000000002 /* XCLocalSwiftPackageReference "FBDeviceControlKit" */ = {
			isa = XCLocalSwiftPackageReference;
			relativePath = FBDeviceControlKit;
		};
/* End XCLocalSwiftPackageReference section */

/* Begin XCSwiftPackageProductDependency section */
		E1000002000000000002 /* FBDeviceControlKit */ = {
			isa = XCSwiftPackageProductDependency;
			productName = FBDeviceControlKit;
		};
/* End XCSwiftPackageProductDependency section */
	};
	rootObject = A10000012419FFF8000001A1 /* Project object */;
}
